// !$*UTF8*$!
{
	archiveVersion = 1;
	classes = {
	};
	objectVersion = 50;
	objects = {

/* Begin PBXBuildFile section */
		75A4A9EF21C7F5CE0024D9AD /* AppDelegate.m in Sources */ = {isa = PBXBuildFile; fileRef = 75A4A9EE21C7F5CE0024D9AD /* AppDelegate.m */; };
		75A4A9F221C7F5CE0024D9AD /* ViewController.m in Sources */ = {isa = PBXBuildFile; fileRef = 75A4A9F121C7F5CE0024D9AD /* ViewController.m */; };
		75A4A9F521C7F5CE0024D9AD /* Main.storyboard in Resources */ = {isa = PBXBuildFile; fileRef = 75A4A9F321C7F5CE0024D9AD /* Main.storyboard */; };
		75A4A9F721C7F5D10024D9AD /* Assets.xcassets in Resources */ = {isa = PBXBuildFile; fileRef = 75A4A9F621C7F5D10024D9AD /* Assets.xcassets */; };
		75A4A9FD21C7F5D10024D9AD /* main.m in Sources */ = {isa = PBXBuildFile; fileRef = 75A4A9FC21C7F5D10024D9AD /* main.m */; };
		75A4AA0521C7FEA40024D9AD /* NSURL+ZPURL.m in Sources */ = {isa = PBXBuildFile; fileRef = 75A4AA0321C7FEA40024D9AD /* NSURL+ZPURL.m */; };
		75A4AA0821C7FF0D0024D9AD /* fishhook.c in Sources */ = {isa = PBXBuildFile; fileRef = 75A4AA0621C7FF0D0024D9AD /* fishhook.c */; };
/* End PBXBuildFile section */

/* Begin PBXFileReference section */
		75A4A9EA21C7F5CE0024D9AD /* ZPHOOK.app */ = {isa = PBXFileReference; explicitFileType = wrapper.application; includeInIndex = 0; path = ZPHOOK.app; sourceTree = BUILT_PRODUCTS_DIR; };
		75A4A9ED21C7F5CE0024D9AD /* AppDelegate.h */ = {isa = PBXFileReference; lastKnownFileType = sourcecode.c.h; path = AppDelegate.h; sourceTree = "<group>"; };
		75A4A9EE21C7F5CE0024D9AD /* AppDelegate.m */ = {isa = PBXFileReference; lastKnownFileType = sourcecode.c.objc; path = AppDelegate.m; sourceTree = "<group>"; };
		75A4A9F021C7F5CE0024D9AD /* ViewController.h */ = {isa = PBXFileReference; lastKnownFileType = sourcecode.c.h; path = ViewController.h; sourceTree = "<group>"; };
		75A4A9F121C7F5CE0024D9AD /* ViewController.m */ = {isa = PBXFileReference; lastKnownFileType = sourcecode.c.objc; path = ViewController.m; sourceTree = "<group>"; };
		75A4A9F421C7F5CE0024D9AD /* Base */ = {isa = PBXFileReference; lastKnownFileType = file.storyboard; name = Base; path = Base.lproj/Main.storyboard; sourceTree = "<group>"; };
		75A4A9F621C7F5D10024D9AD /* Assets.xcassets */ = {isa = PBXFileReference; lastKnownFileType = folder.assetcatalog; path = Assets.xcassets; sourceTree = "<group>"; };
		75A4A9FB21C7F5D10024D9AD /* Info.plist */ = {isa = PBXFileReference; lastKnownFileType = text.plist.xml; path = Info.plist; sourceTree = "<group>"; };
		75A4A9FC21C7F5D10024D9AD /* main.m */ = {isa = PBXFileReference; lastKnownFileType = sourcecode.c.objc; path = main.m; sourceTree = "<group>"; };
		75A4AA0321C7FEA40024D9AD /* NSURL+ZPURL.m */ = {isa = PBXFileReference; fileEncoding = 4; lastKnownFileType = sourcecode.c.objc; path = "NSURL+ZPURL.m"; sourceTree = "<group>"; };
		75A4AA0421C7FEA40024D9AD /* NSURL+ZPURL.h */ = {isa = PBXFileReference; fileEncoding = 4; lastKnownFileType = sourcecode.c.h; path = "NSURL+ZPURL.h"; sourceTree = "<group>"; };
		75A4AA0621C7FF0D0024D9AD /* fishhook.c */ = {isa = PBXFileReference; fileEncoding = 4; lastKnownFileType = sourcecode.c.c; path = fishhook.c; sourceTree = "<group>"; };
		75A4AA0721C7FF0D0024D9AD /* fishhook.h */ = {isa = PBXFileReference; fileEncoding = 4; lastKnownFileType = sourcecode.c.h; path = fishhook.h; sourceTree = "<group>"; };
/* End PBXFileReference section */

/* Begin PBXFrameworksBuildPhase section */
		75A4A9E721C7F5CE0024D9AD /* Frameworks */ = {
			isa = PBXFrameworksBuildPhase;
			buildActionMask = 2147483647;
			files = (
			);
			runOnlyForDeploymentPostprocessing = 0;
		};
/* End PBXFrameworksBuildPhase section */

/* Begin PBXGroup section */
		75A4A9E121C7F5CE0024D9AD = {
			isa = PBXGroup;
			children = (
				75A4A9EC21C7F5CE0024D9AD /* ZPHOOK */,
				75A4A9EB21C7F5CE0024D9AD /* Products */,
			);
			sourceTree = "<group>";
		};
		75A4A9EB21C7F5CE0024D9AD /* Products */ = {
			isa = PBXGroup;
			children = (
				75A4A9EA21C7F5CE0024D9AD /* ZPHOOK.app */,
			);
			name = Products;
			sourceTree = "<group>";
		};
		75A4A9EC21C7F5CE0024D9AD /* ZPHOOK */ = {
			isa = PBXGroup;
			children = (
				75A4AA0621C7FF0D0024D9AD /* fishhook.c */,
				75A4AA0721C7FF0D0024D9AD /* fishhook.h */,
				75A4A9ED21C7F5CE0024D9AD /* AppDelegate.h */,
				75A4A9EE21C7F5CE0024D9AD /* AppDelegate.m */,
				75A4A9F021C7F5CE0024D9AD /* ViewController.h */,
				75A4A9F121C7F5CE0024D9AD /* ViewController.m */,
				75A4AA0421C7FEA40024D9AD /* NSURL+ZPURL.h */,
				75A4AA0321C7FEA40024D9AD /* NSURL+ZPURL.m */,
				75A4A9F321C7F5CE0024D9AD /* Main.storyboard */,
				75A4A9F621C7F5D10024D9AD /* Assets.xcassets */,
				75A4A9FB21C7F5D10024D9AD /* Info.plist */,
				75A4A9FC21C7F5D10024D9AD /* main.m */,
			);
			path = ZPHOOK;
			sourceTree = "<group>";
		};
/* End PBXGroup section */

/* Begin PBXNativeTarget section */
		75A4A9E921C7F5CE0024D9AD /* ZPHOOK */ = {
			isa = PBXNativeTarget;
			buildConfigurationList = 75A4AA0021C7F5D10024D9AD /* Build configuration list for PBXNativeTarget "ZPHOOK" */;
			buildPhases = (
				75A4A9E621C7F5CE0024D9AD /* Sources */,
				75A4A9E721C7F5CE0024D9AD /* Frameworks */,
				75A4A9E821C7F5CE0024D9AD /* Resources */,
			);
			buildRules = (
			);
			dependencies = (
			);
			name = ZPHOOK;
			productName = ZPHOOK;
			productReference = 75A4A9EA21C7F5CE0024D9AD /* ZPHOOK.app */;
			productType = "com.apple.product-type.application";
		};
/* End PBXNativeTarget section */

/* Begin PBXProject section */
		75A4A9E221C7F5CE0024D9AD /* Project object */ = {
			isa = PBXProject;
			attributes = {
				LastUpgradeCheck = 1010;
				ORGANIZATIONNAME = "赵鹏";
				TargetAttributes = {
					75A4A9E921C7F5CE0024D9AD = {
						CreatedOnToolsVersion = 10.1;
					};
				};
			};
			buildConfigurationList = 75A4A9E521C7F5CE0024D9AD /* Build configuration list for PBXProject "ZPHOOK" */;
			compatibilityVersion = "Xcode 9.3";
			developmentRegion = en;
			hasScannedForEncodings = 0;
			knownRegions = (
				en,
				Base,
			);
			mainGroup = 75A4A9E121C7F5CE0024D9AD;
			productRefGroup = 75A4A9EB21C7F5CE0024D9AD /* Products */;
			projectDirPath = "";
			projectRoot = "";
			targets = (
				75A4A9E921C7F5CE0024D9AD /* ZPHOOK */,
			);
		};
/* End PBXProject section */

/* Begin PBXResourcesBuildPhase section */
		75A4A9E821C7F5CE0024D9AD /* Resources */ = {
			isa = PBXResourcesBuildPhase;
			buildActionMask = 2147483647;
			files = (
				75A4A9F721C7F5D10024D9AD /* Assets.xcassets in Resources */,
				75A4A9F521C7F5CE0024D9AD /* Main.storyboard in Resources */,
			);
			runOnlyForDeploymentPostprocessing = 0;
		};
/* End PBXResourcesBuildPhase section */

/* Begin PBXSourcesBuildPhase section */
		75A4A9E621C7F5CE0024D9AD /* Sources */ = {
			isa = PBXSourcesBuildPhase;
			buildActionMask = 2147483647;
			files = (
				75A4AA0521C7FEA40024D9AD /* NSURL+ZPURL.m in Sources */,
				75A4AA0821C7FF0D0024D9AD /* fishhook.c in Sources */,
				75A4A9F221C7F5CE0024D9AD /* ViewController.m in Sources */,
				75A4A9FD21C7F5D10024D9AD /* main.m in Sources */,
				75A4A9EF21C7F5CE0024D9AD /* AppDelegate.m in Sources */,
			);
			runOnlyForDeploymentPostprocessing = 0;
		};
/* End PBXSourcesBuildPhase section */

/* Begin PBXVariantGroup section */
		75A4A9F321C7F5CE0024D9AD /* Main.storyboard */ = {
			isa = PBXVariantGroup;
			children = (
				75A4A9F421C7F5CE0024D9AD /* Base */,
			);
			name = Main.storyboard;
			sourceTree = "<group>";
		};
/* End PBXVariantGroup section */

/* Begin XCBuildConfiguration section */
		75A4A9FE21C7F5D10024D9AD /* Debug */ = {
			isa = XCBuildConfiguration;
			buildSettings = {
				ALWAYS_SEARCH_USER_PATHS = NO;
				CLANG_ANALYZER_NONNULL = YES;
				CLANG_ANALYZER_NUMBER_OBJECT_CONVERSION = YES_AGGRESSIVE;
				CLANG_CXX_LANGUAGE_STANDARD = "gnu++14";
				CLANG_CXX_LIBRARY = "libc++";
				CLANG_ENABLE_MODULES = YES;
				CLANG_ENABLE_OBJC_ARC = YES;
				CLANG_ENABLE_OBJC_WEAK = YES;
				CLANG_WARN_BLOCK_CAPTURE_AUTORELEASING = YES;
				CLANG_WARN_BOOL_CONVERSION = YES;
				CLANG_WARN_COMMA = YES;
				CLANG_WARN_CONSTANT_CONVERSION = YES;
				CLANG_WARN_DEPRECATED_OBJC_IMPLEMENTATIONS = YES;
				CLANG_WARN_DIRECT_OBJC_ISA_USAGE = YES_ERROR;
				CLANG_WARN_DOCUMENTATION_COMMENTS = YES;
				CLANG_WARN_EMPTY_BODY = YES;
				CLANG_WARN_ENUM_CONVERSION = YES;
				CLANG_WARN_INFINITE_RECURSION = YES;
				CLANG_WARN_INT_CONVERSION = YES;
				CLANG_WARN_NON_LITERAL_NULL_CONVERSION = YES;
				CLANG_WARN_OBJC_IMPLICIT_RETAIN_SELF = YES;
				CLANG_WARN_OBJC_LITERAL_CONVERSION = YES;
				CLANG_WARN_OBJC_ROOT_CLASS = YES_ERROR;
				CLANG_WARN_RANGE_LOOP_ANALYSIS = YES;
				CLANG_WARN_STRICT_PROTOTYPES = YES;
				CLANG_WARN_SUSPICIOUS_MOVE = YES;
				CLANG_WARN_UNGUARDED_AVAILABILITY = YES_AGGRESSIVE;
				CLANG_WARN_UNREACHABLE_CODE = YES;
				CLANG_WARN__DUPLICATE_METHOD_MATCH = YES;
				CODE_SIGN_IDENTITY = "iPhone Developer";
				COPY_PHASE_STRIP = NO;
				DEBUG_INFORMATION_FORMAT = dwarf;
				ENABLE_STRICT_OBJC_MSGSEND = YES;
				ENABLE_TESTABILITY = YES;
				GCC_C_LANGUAGE_STANDARD = gnu11;
				GCC_DYNAMIC_NO_PIC = NO;
				GCC_NO_COMMON_BLOCKS = YES;
				GCC_OPTIMIZATION_LEVEL = 0;
				GCC_PREPROCESSOR_DEFINITIONS = (
					"DEBUG=1",
					"$(inherited)",
				);
				GCC_WARN_64_TO_32_BIT_CONVERSION = YES;
				GCC_WARN_ABOUT_RETURN_TYPE = YES_ERROR;
				GCC_WARN_UNDECLARED_SELECTOR = YES;
				GCC_WARN_UNINITIALIZED_AUTOS = YES_AGGRESSIVE;
				GCC_WARN_UNUSED_FUNCTION = YES;
				GCC_WARN_UNUSED_VARIABLE = YES;
				IPHONEOS_DEPLOYMENT_TARGET = 12.1;
				MTL_ENABLE_DEBUG_INFO = INCLUDE_SOURCE;
				MTL_FAST_MATH = YES;
				ONLY_ACTIVE_ARCH = YES;
				SDKROOT = iphoneos;
			};
			name = Debug;
		};
		75A4A9FF21C7F5D10024D9AD /* Release */ = {
			isa = XCBuildConfiguration;
			buildSettings = {
				ALWAYS_SEARCH_USER_PATHS = NO;
				CLANG_ANALYZER_NONNULL = YES;
				CLANG_ANALYZER_NUMBER_OBJECT_CONVERSION = YES_AGGRESSIVE;
				CLANG_CXX_LANGUAGE_STANDARD = "gnu++14";
				CLANG_CXX_LIBRARY = "libc++";
				CLANG_ENABLE_MODULES = YES;
				CLANG_ENABLE_OBJC_ARC = YES;
				CLANG_ENABLE_OBJC_WEAK = YES;
				CLANG_WARN_BLOCK_CAPTURE_AUTORELEASING = YES;
				CLANG_WARN_BOOL_CONVERSION = YES;
				CLANG_WARN_COMMA = YES;
				CLANG_WARN_CONSTANT_CONVERSION = YES;
				CLANG_WARN_DEPRECATED_OBJC_IMPLEMENTATIONS = YES;
				CLANG_WARN_DIRECT_OBJC_ISA_USAGE = YES_ERROR;
				CLANG_WARN_DOCUMENTATION_COMMENTS = YES;
				CLANG_WARN_EMPTY_BODY = YES;
				CLANG_WARN_ENUM_CONVERSION = YES;
				CLANG_WARN_INFINITE_RECURSION = YES;
				CLANG_WARN_INT_CONVERSION = YES;
				CLANG_WARN_NON_LITERAL_NULL_CONVERSION = YES;
				CLANG_WARN_OBJC_IMPLICIT_RETAIN_SELF = YES;
				CLANG_WARN_OBJC_LITERAL_CONVERSION = YES;
				CLANG_WARN_OBJC_ROOT_CLASS = YES_ERROR;
				CLANG_WARN_RANGE_LOOP_ANALYSIS = YES;
				CLANG_WARN_STRICT_PROTOTYPES = YES;
				CLANG_WARN_SUSPICIOUS_MOVE = YES;
				CLANG_WARN_UNGUARDED_AVAILABILITY = YES_AGGRESSIVE;
				CLANG_WARN_UNREACHABLE_CODE = YES;
				CLANG_WARN__DUPLICATE_METHOD_MATCH = YES;
				CODE_SIGN_IDENTITY = "iPhone Developer";
				COPY_PHASE_STRIP = NO;
				DEBUG_INFORMATION_FORMAT = "dwarf-with-dsym";
				ENABLE_NS_ASSERTIONS = NO;
				ENABLE_STRICT_OBJC_MSGSEND = YES;
				GCC_C_LANGUAGE_STANDARD = gnu11;
				GCC_NO_COMMON_BLOCKS = YES;
				GCC_WARN_64_TO_32_BIT_CONVERSION = YES;
				GCC_WARN_ABOUT_RETURN_TYPE = YES_ERROR;
				GCC_WARN_UNDECLARED_SELECTOR = YES;
				GCC_WARN_UNINITIALIZED_AUTOS = YES_AGGRESSIVE;
				GCC_WARN_UNUSED_FUNCTION = YES;
				GCC_WARN_UNUSED_VARIABLE = YES;
				IPHONEOS_DEPLOYMENT_TARGET = 12.1;
				MTL_ENABLE_DEBUG_INFO = NO;
				MTL_FAST_MATH = YES;
				SDKROOT = iphoneos;
				VALIDATE_PRODUCT = YES;
			};
			name = Release;
		};
		75A4AA0121C7F5D10024D9AD /* Debug */ = {
			isa = XCBuildConfiguration;
			buildSettings = {
				ASSETCATALOG_COMPILER_APPICON_NAME = AppIcon;
				CODE_SIGN_STYLE = Automatic;
				INFOPLIST_FILE = ZPHOOK/Info.plist;
				LD_RUNPATH_SEARCH_PATHS = (
					"$(inherited)",
					"@executable_path/Frameworks",
				);
				PRODUCT_BUNDLE_IDENTIFIER = Home.ZPHOOK;
				PRODUCT_NAME = "$(TARGET_NAME)";
				TARGETED_DEVICE_FAMILY = "1,2";
			};
			name = Debug;
		};
		75A4AA0221C7F5D10024D9AD /* Release */ = {
			isa = XCBuildConfiguration;
			buildSettings = {
				ASSETCATALOG_COMPILER_APPICON_NAME = AppIcon;
				CODE_SIGN_STYLE = Automatic;
				INFOPLIST_FILE = ZPHOOK/Info.plist;
				LD_RUNPATH_SEARCH_PATHS = (
					"$(inherited)",
					"@executable_path/Frameworks",
				);
				PRODUCT_BUNDLE_IDENTIFIER = Home.ZPHOOK;
				PRODUCT_NAME = "$(TARGET_NAME)";
				TARGETED_DEVICE_FAMILY = "1,2";
			};
			name = Release;
		};
/* End XCBuildConfiguration section */

/* Begin XCConfigurationList section */
		75A4A9E521C7F5CE0024D9AD /* Build configuration list for PBXProject "ZPHOOK" */ = {
			isa = XCConfigurationList;
			buildConfigurations = (
				75A4A9FE21C7F5D10024D9AD /* Debug */,
				75A4A9FF21C7F5D10024D9AD /* Release */,
			);
			defaultConfigurationIsVisible = 0;
			defaultConfigurationName = Release;
		};
		75A4AA0021C7F5D10024D9AD /* Build configuration list for PBXNativeTarget "ZPHOOK" */ = {
			isa = XCConfigurationList;
			buildConfigurations = (
				75A4AA0121C7F5D10024D9AD /* Debug */,
				75A4AA0221C7F5D10024D9AD /* Release */,
			);
			defaultConfigurationIsVisible = 0;
			defaultConfigurationName = Release;
		};
/* End XCConfigurationList section */
	};
	rootObject = 75A4A9E221C7F5CE0024D9AD /* Project object */;
}
